manifest:
  created: '2026-07-16T04:59:01.738185+00:00'
  kernel:
    identity: ACTIVE
    registry: ready
  modules:
  - id: discovery
    state: LOADED
    version: 1.0.0
  - id: hello
    state: LOADED
    version: 1.0.0
  runtime_version: 0.1.0
  state: RUNNING
  updated: '2026-07-16T04:59:01.777750+00:00'
  uptime_seconds: 0
